
Microsoft Visual Studio Solution File, Format Version 12.00
# Visual Studio Version 17
VisualStudioVersion = 17.13.35919.96
MinimumVisualStudioVersion = 10.0.40219.1
Project("{FAE04EC0-301F-11D3-BF4B-00C04F79EFBC}") = "POLY_CAFE", "POLY_CAFE\POLY_CAFE.csproj", "{DB501E54-D97A-4A76-B258-D0BA3FE72C9C}"
EndProject
Project("{FAE04EC0-301F-11D3-BF4B-00C04F79EFBC}") = "DAL_POLLYCAFE", "DAL_POLLYCAFE\DAL_POLLYCAFE.csproj", "{2067D1A7-F122-436E-8C82-105EA593C9A8}"
EndProject
Project("{FAE04EC0-301F-11D3-BF4B-00C04F79EFBC}") = "BLL_POLYCAFE", "BLL_POLYCAFE\BLL_POLYCAFE.csproj", "{10B3930B-653F-4668-B52F-427BC9CE7BD0}"
EndProject
Project("{FAE04EC0-301F-11D3-BF4B-00C04F79EFBC}") = "DTO_POLYCAFE", "DTO_POLYCAFE\DTO_POLYCAFE.csproj", "{EE7A0AD6-0199-4F53-8C8D-3C64948B7BB3}"
EndProject
Project("{FAE04EC0-301F-11D3-BF4B-00C04F79EFBC}") = "Util_POLYCAFE", "Until_POLYCAFE\Util_POLYCAFE.csproj", "{1BE31E73-01ED-4777-A581-94751FCF2F88}"
EndProject
Global
	GlobalSection(SolutionConfigurationPlatforms) = preSolution
		Debug|Any CPU = Debug|Any CPU
		Release|Any CPU = Release|Any CPU
	EndGlobalSection
	GlobalSection(ProjectConfigurationPlatforms) = postSolution
		{DB501E54-D97A-4A76-B258-D0BA3FE72C9C}.Debug|Any CPU.ActiveCfg = Debug|Any CPU
		{DB501E54-D97A-4A76-B258-D0BA3FE72C9C}.Debug|Any CPU.Build.0 = Debug|Any CPU
		{DB501E54-D97A-4A76-B258-D0BA3FE72C9C}.Release|Any CPU.ActiveCfg = Release|Any CPU
		{DB501E54-D97A-4A76-B258-D0BA3FE72C9C}.Release|Any CPU.Build.0 = Release|Any CPU
		{2067D1A7-F122-436E-8C82-105EA593C9A8}.Debug|Any CPU.ActiveCfg = Debug|Any CPU
		{2067D1A7-F122-436E-8C82-105EA593C9A8}.Debug|Any CPU.Build.0 = Debug|Any CPU
		{2067D1A7-F122-436E-8C82-105EA593C9A8}.Release|Any CPU.ActiveCfg = Release|Any CPU
		{2067D1A7-F122-436E-8C82-105EA593C9A8}.Release|Any CPU.Build.0 = Release|Any CPU
		{10B3930B-653F-4668-B52F-427BC9CE7BD0}.Debug|Any CPU.ActiveCfg = Debug|Any CPU
		{10B3930B-653F-4668-B52F-427BC9CE7BD0}.Debug|Any CPU.Build.0 = Debug|Any CPU
		{10B3930B-653F-4668-B52F-427BC9CE7BD0}.Release|Any CPU.ActiveCfg = Release|Any CPU
		{10B3930B-653F-4668-B52F-427BC9CE7BD0}.Release|Any CPU.Build.0 = Release|Any CPU
		{EE7A0AD6-0199-4F53-8C8D-3C64948B7BB3}.Debug|Any CPU.ActiveCfg = Debug|Any CPU
		{EE7A0AD6-0199-4F53-8C8D-3C64948B7BB3}.Debug|Any CPU.Build.0 = Debug|Any CPU
		{EE7A0AD6-0199-4F53-8C8D-3C64948B7BB3}.Release|Any CPU.ActiveCfg = Release|Any CPU
		{EE7A0AD6-0199-4F53-8C8D-3C64948B7BB3}.Release|Any CPU.Build.0 = Release|Any CPU
		{1BE31E73-01ED-4777-A581-94751FCF2F88}.Debug|Any CPU.ActiveCfg = Debug|Any CPU
		{1BE31E73-01ED-4777-A581-94751FCF2F88}.Debug|Any CPU.Build.0 = Debug|Any CPU
		{1BE31E73-01ED-4777-A581-94751FCF2F88}.Release|Any CPU.ActiveCfg = Release|Any CPU
		{1BE31E73-01ED-4777-A581-94751FCF2F88}.Release|Any CPU.Build.0 = Release|Any CPU
	EndGlobalSection
	GlobalSection(SolutionProperties) = preSolution
		HideSolutionNode = FALSE
	EndGlobalSection
	GlobalSection(ExtensibilityGlobals) = postSolution
		SolutionGuid = {1C67F01C-6E48-40BF-B729-0AF3904FBCB2}
	EndGlobalSection
EndGlobal
